
Microsoft Visual Studio Solution File, Format Version 12.00
# Visual Studio 15
Project("{FAE04EC0-301F-11D3-BF4B-00C04F79EFBC}") = "UnityEngine.TestRunner", "UnityEngine.TestRunner.csproj", "{23703658-5445-7BC3-987B-B26685D5010E}"
EndProject
Project("{FAE04EC0-301F-11D3-BF4B-00C04F79EFBC}") = "Unity.Timeline", "Unity.Timeline.csproj", "{B9615B3C-F38D-AC81-7835-AF0603C8AF21}"
EndProject
Project("{FAE04EC0-301F-11D3-BF4B-00C04F79EFBC}") = "Unity.TextMeshPro", "Unity.TextMeshPro.csproj", "{14F2CEE5-A4A2-B2BD-C200-373CAAF33983}"
EndProject
Project("{FAE04EC0-301F-11D3-BF4B-00C04F79EFBC}") = "Unity.Postprocessing.Runtime", "Unity.Postprocessing.Runtime.csproj", "{0C93433F-8F6D-EE7A-BA03-80DAB06B83DE}"
EndProject
Project("{FAE04EC0-301F-11D3-BF4B-00C04F79EFBC}") = "UnityEngine.Monetization", "UnityEngine.Monetization.csproj", "{63529EDB-E7A5-B66A-AB12-B5986295F855}"
EndProject
Project("{FAE04EC0-301F-11D3-BF4B-00C04F79EFBC}") = "UnityEngine.Advertisements", "UnityEngine.Advertisements.csproj", "{055A1CCB-DB2B-ED04-403C-8D61DFACAB11}"
EndProject
Project("{FAE04EC0-301F-11D3-BF4B-00C04F79EFBC}") = "UnityEngine.XR.LegacyInputHelpers", "UnityEngine.XR.LegacyInputHelpers.csproj", "{95A626C2-CCBF-BEC8-08CD-34433C98A23A}"
EndProject
Project("{FAE04EC0-301F-11D3-BF4B-00C04F79EFBC}") = "Cinemachine", "Cinemachine.csproj", "{22CB80BA-6CFC-1B5F-9E56-5C94792FA260}"
EndProject
Project("{FAE04EC0-301F-11D3-BF4B-00C04F79EFBC}") = "Unity.Analytics.DataPrivacy", "Unity.Analytics.DataPrivacy.csproj", "{8F97EFF2-D1CA-D294-5839-8CE3A64A53FF}"
EndProject
Project("{FAE04EC0-301F-11D3-BF4B-00C04F79EFBC}") = "Assembly-CSharp", "Assembly-CSharp.csproj", "{891F5186-153E-84D8-4827-FA458CC3C730}"
EndProject
Project("{FAE04EC0-301F-11D3-BF4B-00C04F79EFBC}") = "UnityEngine.SpatialTracking", "UnityEngine.SpatialTracking.csproj", "{D865A216-77CE-430B-AAB5-17084EEB4BB5}"
EndProject
Project("{FAE04EC0-301F-11D3-BF4B-00C04F79EFBC}") = "Unity.Timeline.Editor", "Unity.Timeline.Editor.csproj", "{DEA41459-44C4-F52B-29F7-548837887A06}"
EndProject
Project("{FAE04EC0-301F-11D3-BF4B-00C04F79EFBC}") = "UnityEditor.TestRunner", "UnityEditor.TestRunner.csproj", "{84F75851-ADD7-F9E8-CE0B-CD315025C320}"
EndProject
Project("{FAE04EC0-301F-11D3-BF4B-00C04F79EFBC}") = "Unity.VisualStudio.Editor", "Unity.VisualStudio.Editor.csproj", "{52546AEF-A653-EEA5-09DD-4A958B7A64B9}"
EndProject
Project("{FAE04EC0-301F-11D3-BF4B-00C04F79EFBC}") = "Unity.TextMeshPro.Editor", "Unity.TextMeshPro.Editor.csproj", "{01B14432-4065-92B4-6EDD-0D41FB49C39B}"
EndProject
Project("{FAE04EC0-301F-11D3-BF4B-00C04F79EFBC}") = "Unity.CollabProxy.Editor", "Unity.CollabProxy.Editor.csproj", "{721705FB-88F0-166D-51DC-440582C20F69}"
EndProject
Project("{FAE04EC0-301F-11D3-BF4B-00C04F79EFBC}") = "Unity.VSCode.Editor", "Unity.VSCode.Editor.csproj", "{0D703977-E239-B96A-6291-DFEB1C64C8D2}"
EndProject
Project("{FAE04EC0-301F-11D3-BF4B-00C04F79EFBC}") = "Unity.Rider.Editor", "Unity.Rider.Editor.csproj", "{9311C2DE-A89E-D999-1FDE-59045AB40920}"
EndProject
Project("{FAE04EC0-301F-11D3-BF4B-00C04F79EFBC}") = "com.unity.cinemachine.editor", "com.unity.cinemachine.editor.csproj", "{8884445B-440F-5592-215F-D8A85BAAC1FC}"
EndProject
Project("{FAE04EC0-301F-11D3-BF4B-00C04F79EFBC}") = "Unity.Postprocessing.Editor", "Unity.Postprocessing.Editor.csproj", "{7CE78A32-D2D1-055B-FE72-38359A7DC3C7}"
EndProject
Project("{FAE04EC0-301F-11D3-BF4B-00C04F79EFBC}") = "UnityEditor.XR.LegacyInputHelpers", "UnityEditor.XR.LegacyInputHelpers.csproj", "{969DC17D-72D4-0A33-7713-CBC0FD2C761F}"
EndProject
Project("{FAE04EC0-301F-11D3-BF4B-00C04F79EFBC}") = "UnityEditor.SpatialTracking", "UnityEditor.SpatialTracking.csproj", "{C71C9796-CF04-97B0-1758-42439979D70E}"
EndProject
Project("{FAE04EC0-301F-11D3-BF4B-00C04F79EFBC}") = "Assembly-CSharp-Editor", "Assembly-CSharp-Editor.csproj", "{E69B66BD-4134-37F6-6AE4-54ED24CCE074}"
EndProject
Global
	GlobalSection(SolutionConfigurationPlatforms) = preSolution
		Debug|Any CPU = Debug|Any CPU
		Release|Any CPU = Release|Any CPU
	EndGlobalSection
	GlobalSection(ProjectConfigurationPlatforms) = postSolution
		{23703658-5445-7BC3-987B-B26685D5010E}.Debug|Any CPU.ActiveCfg = Debug|Any CPU
		{23703658-5445-7BC3-987B-B26685D5010E}.Debug|Any CPU.Build.0 = Debug|Any CPU
		{23703658-5445-7BC3-987B-B26685D5010E}.Release|Any CPU.ActiveCfg = Release|Any CPU
		{23703658-5445-7BC3-987B-B26685D5010E}.Release|Any CPU.Build.0 = Release|Any CPU
		{B9615B3C-F38D-AC81-7835-AF0603C8AF21}.Debug|Any CPU.ActiveCfg = Debug|Any CPU
		{B9615B3C-F38D-AC81-7835-AF0603C8AF21}.Debug|Any CPU.Build.0 = Debug|Any CPU
		{B9615B3C-F38D-AC81-7835-AF0603C8AF21}.Release|Any CPU.ActiveCfg = Release|Any CPU
		{B9615B3C-F38D-AC81-7835-AF0603C8AF21}.Release|Any CPU.Build.0 = Release|Any CPU
		{14F2CEE5-A4A2-B2BD-C200-373CAAF33983}.Debug|Any CPU.ActiveCfg = Debug|Any CPU
		{14F2CEE5-A4A2-B2BD-C200-373CAAF33983}.Debug|Any CPU.Build.0 = Debug|Any CPU
		{14F2CEE5-A4A2-B2BD-C200-373CAAF33983}.Release|Any CPU.ActiveCfg = Release|Any CPU
		{14F2CEE5-A4A2-B2BD-C200-373CAAF33983}.Release|Any CPU.Build.0 = Release|Any CPU
		{0C93433F-8F6D-EE7A-BA03-80DAB06B83DE}.Debug|Any CPU.ActiveCfg = Debug|Any CPU
		{0C93433F-8F6D-EE7A-BA03-80DAB06B83DE}.Debug|Any CPU.Build.0 = Debug|Any CPU
		{0C93433F-8F6D-EE7A-BA03-80DAB06B83DE}.Release|Any CPU.ActiveCfg = Release|Any CPU
		{0C93433F-8F6D-EE7A-BA03-80DAB06B83DE}.Release|Any CPU.Build.0 = Release|Any CPU
		{63529EDB-E7A5-B66A-AB12-B5986295F855}.Debug|Any CPU.ActiveCfg = Debug|Any CPU
		{63529EDB-E7A5-B66A-AB12-B5986295F855}.Debug|Any CPU.Build.0 = Debug|Any CPU
		{63529EDB-E7A5-B66A-AB12-B5986295F855}.Release|Any CPU.ActiveCfg = Release|Any CPU
		{63529EDB-E7A5-B66A-AB12-B5986295F855}.Release|Any CPU.Build.0 = Release|Any CPU
		{055A1CCB-DB2B-ED04-403C-8D61DFACAB11}.Debug|Any CPU.ActiveCfg = Debug|Any CPU
		{055A1CCB-DB2B-ED04-403C-8D61DFACAB11}.Debug|Any CPU.Build.0 = Debug|Any CPU
		{055A1CCB-DB2B-ED04-403C-8D61DFACAB11}.Release|Any CPU.ActiveCfg = Release|Any CPU
		{055A1CCB-DB2B-ED04-403C-8D61DFACAB11}.Release|Any CPU.Build.0 = Release|Any CPU
		{95A626C2-CCBF-BEC8-08CD-34433C98A23A}.Debug|Any CPU.ActiveCfg = Debug|Any CPU
		{95A626C2-CCBF-BEC8-08CD-34433C98A23A}.Debug|Any CPU.Build.0 = Debug|Any CPU
		{95A626C2-CCBF-BEC8-08CD-34433C98A23A}.Release|Any CPU.ActiveCfg = Release|Any CPU
		{95A626C2-CCBF-BEC8-08CD-34433C98A23A}.Release|Any CPU.Build.0 = Release|Any CPU
		{22CB80BA-6CFC-1B5F-9E56-5C94792FA260}.Debug|Any CPU.ActiveCfg = Debug|Any CPU
		{22CB80BA-6CFC-1B5F-9E56-5C94792FA260}.Debug|Any CPU.Build.0 = Debug|Any CPU
		{22CB80BA-6CFC-1B5F-9E56-5C94792FA260}.Release|Any CPU.ActiveCfg = Release|Any CPU
		{22CB80BA-6CFC-1B5F-9E56-5C94792FA260}.Release|Any CPU.Build.0 = Release|Any CPU
		{8F97EFF2-D1CA-D294-5839-8CE3A64A53FF}.Debug|Any CPU.ActiveCfg = Debug|Any CPU
		{8F97EFF2-D1CA-D294-5839-8CE3A64A53FF}.Debug|Any CPU.Build.0 = Debug|Any CPU
		{8F97EFF2-D1CA-D294-5839-8CE3A64A53FF}.Release|Any CPU.ActiveCfg = Release|Any CPU
		{8F97EFF2-D1CA-D294-5839-8CE3A64A53FF}.Release|Any CPU.Build.0 = Release|Any CPU
		{891F5186-153E-84D8-4827-FA458CC3C730}.Debug|Any CPU.ActiveCfg = Debug|Any CPU
		{891F5186-153E-84D8-4827-FA458CC3C730}.Debug|Any CPU.Build.0 = Debug|Any CPU
		{891F5186-153E-84D8-4827-FA458CC3C730}.Release|Any CPU.ActiveCfg = Release|Any CPU
		{891F5186-153E-84D8-4827-FA458CC3C730}.Release|Any CPU.Build.0 = Release|Any CPU
		{D865A216-77CE-430B-AAB5-17084EEB4BB5}.Debug|Any CPU.ActiveCfg = Debug|Any CPU
		{D865A216-77CE-430B-AAB5-17084EEB4BB5}.Debug|Any CPU.Build.0 = Debug|Any CPU
		{D865A216-77CE-430B-AAB5-17084EEB4BB5}.Release|Any CPU.ActiveCfg = Release|Any CPU
		{D865A216-77CE-430B-AAB5-17084EEB4BB5}.Release|Any CPU.Build.0 = Release|Any CPU
		{DEA41459-44C4-F52B-29F7-548837887A06}.Debug|Any CPU.ActiveCfg = Debug|Any CPU
		{DEA41459-44C4-F52B-29F7-548837887A06}.Debug|Any CPU.Build.0 = Debug|Any CPU
		{DEA41459-44C4-F52B-29F7-548837887A06}.Release|Any CPU.ActiveCfg = Release|Any CPU
		{DEA41459-44C4-F52B-29F7-548837887A06}.Release|Any CPU.Build.0 = Release|Any CPU
		{84F75851-ADD7-F9E8-CE0B-CD315025C320}.Debug|Any CPU.ActiveCfg = Debug|Any CPU
		{84F75851-ADD7-F9E8-CE0B-CD315025C320}.Debug|Any CPU.Build.0 = Debug|Any CPU
		{84F75851-ADD7-F9E8-CE0B-CD315025C320}.Release|Any CPU.ActiveCfg = Release|Any CPU
		{84F75851-ADD7-F9E8-CE0B-CD315025C320}.Release|Any CPU.Build.0 = Release|Any CPU
		{52546AEF-A653-EEA5-09DD-4A958B7A64B9}.Debug|Any CPU.ActiveCfg = Debug|Any CPU
		{52546AEF-A653-EEA5-09DD-4A958B7A64B9}.Debug|Any CPU.Build.0 = Debug|Any CPU
		{52546AEF-A653-EEA5-09DD-4A958B7A64B9}.Release|Any CPU.ActiveCfg = Release|Any CPU
		{52546AEF-A653-EEA5-09DD-4A958B7A64B9}.Release|Any CPU.Build.0 = Release|Any CPU
		{01B14432-4065-92B4-6EDD-0D41FB49C39B}.Debug|Any CPU.ActiveCfg = Debug|Any CPU
		{01B14432-4065-92B4-6EDD-0D41FB49C39B}.Debug|Any CPU.Build.0 = Debug|Any CPU
		{01B14432-4065-92B4-6EDD-0D41FB49C39B}.Release|Any CPU.ActiveCfg = Release|Any CPU
		{01B14432-4065-92B4-6EDD-0D41FB49C39B}.Release|Any CPU.Build.0 = Release|Any CPU
		{721705FB-88F0-166D-51DC-440582C20F69}.Debug|Any CPU.ActiveCfg = Debug|Any CPU
		{721705FB-88F0-166D-51DC-440582C20F69}.Debug|Any CPU.Build.0 = Debug|Any CPU
		{721705FB-88F0-166D-51DC-440582C20F69}.Release|Any CPU.ActiveCfg = Release|Any CPU
		{721705FB-88F0-166D-51DC-440582C20F69}.Release|Any CPU.Build.0 = Release|Any CPU
		{0D703977-E239-B96A-6291-DFEB1C64C8D2}.Debug|Any CPU.ActiveCfg = Debug|Any CPU
		{0D703977-E239-B96A-6291-DFEB1C64C8D2}.Debug|Any CPU.Build.0 = Debug|Any CPU
		{0D703977-E239-B96A-6291-DFEB1C64C8D2}.Release|Any CPU.ActiveCfg = Release|Any CPU
		{0D703977-E239-B96A-6291-DFEB1C64C8D2}.Release|Any CPU.Build.0 = Release|Any CPU
		{9311C2DE-A89E-D999-1FDE-59045AB40920}.Debug|Any CPU.ActiveCfg = Debug|Any CPU
		{9311C2DE-A89E-D999-1FDE-59045AB40920}.Debug|Any CPU.Build.0 = Debug|Any CPU
		{9311C2DE-A89E-D999-1FDE-59045AB40920}.Release|Any CPU.ActiveCfg = Release|Any CPU
		{9311C2DE-A89E-D999-1FDE-59045AB40920}.Release|Any CPU.Build.0 = Release|Any CPU
		{8884445B-440F-5592-215F-D8A85BAAC1FC}.Debug|Any CPU.ActiveCfg = Debug|Any CPU
		{8884445B-440F-5592-215F-D8A85BAAC1FC}.Debug|Any CPU.Build.0 = Debug|Any CPU
		{8884445B-440F-5592-215F-D8A85BAAC1FC}.Release|Any CPU.ActiveCfg = Release|Any CPU
		{8884445B-440F-5592-215F-D8A85BAAC1FC}.Release|Any CPU.Build.0 = Release|Any CPU
		{7CE78A32-D2D1-055B-FE72-38359A7DC3C7}.Debug|Any CPU.ActiveCfg = Debug|Any CPU
		{7CE78A32-D2D1-055B-FE72-38359A7DC3C7}.Debug|Any CPU.Build.0 = Debug|Any CPU
		{7CE78A32-D2D1-055B-FE72-38359A7DC3C7}.Release|Any CPU.ActiveCfg = Release|Any CPU
		{7CE78A32-D2D1-055B-FE72-38359A7DC3C7}.Release|Any CPU.Build.0 = Release|Any CPU
		{969DC17D-72D4-0A33-7713-CBC0FD2C761F}.Debug|Any CPU.ActiveCfg = Debug|Any CPU
		{969DC17D-72D4-0A33-7713-CBC0FD2C761F}.Debug|Any CPU.Build.0 = Debug|Any CPU
		{969DC17D-72D4-0A33-7713-CBC0FD2C761F}.Release|Any CPU.ActiveCfg = Release|Any CPU
		{969DC17D-72D4-0A33-7713-CBC0FD2C761F}.Release|Any CPU.Build.0 = Release|Any CPU
		{C71C9796-CF04-97B0-1758-42439979D70E}.Debug|Any CPU.ActiveCfg = Debug|Any CPU
		{C71C9796-CF04-97B0-1758-42439979D70E}.Debug|Any CPU.Build.0 = Debug|Any CPU
		{C71C9796-CF04-97B0-1758-42439979D70E}.Release|Any CPU.ActiveCfg = Release|Any CPU
		{C71C9796-CF04-97B0-1758-42439979D70E}.Release|Any CPU.Build.0 = Release|Any CPU
		{E69B66BD-4134-37F6-6AE4-54ED24CCE074}.Debug|Any CPU.ActiveCfg = Debug|Any CPU
		{E69B66BD-4134-37F6-6AE4-54ED24CCE074}.Debug|Any CPU.Build.0 = Debug|Any CPU
		{E69B66BD-4134-37F6-6AE4-54ED24CCE074}.Release|Any CPU.ActiveCfg = Release|Any CPU
		{E69B66BD-4134-37F6-6AE4-54ED24CCE074}.Release|Any CPU.Build.0 = Release|Any CPU
	EndGlobalSection
	GlobalSection(SolutionProperties) = preSolution
		HideSolutionNode = FALSE
	EndGlobalSection
EndGlobal
